
Microsoft Visual Studio Solution File, Format Version 12.00
# Visual Studio Version 17
VisualStudioVersion = 17.0.31903.59
MinimumVisualStudioVersion = 10.0.40219.1
Project("{FAE04EC0-301F-11D3-BF4B-00C04F79EFBC}") = "MeuPrograma", "MeuPrograma\MeuPrograma.csproj", "{22943B95-6FFD-442C-81D0-B57FE60DBEF8}"
EndProject
Project("{FAE04EC0-301F-11D3-BF4B-00C04F79EFBC}") = "VariousTypes", "VariousTypes\VariousTypes.csproj", "{24880BB0-1D08-4B6E-86DF-8EEB1300791A}"
EndProject
Project("{FAE04EC0-301F-11D3-BF4B-00C04F79EFBC}") = "ManyStrings", "ManyStrings\ManyStrings.csproj", "{F81D68B6-D5F3-45A1-B10D-8C11B978A868}"
EndProject
Project("{FAE04EC0-301F-11D3-BF4B-00C04F79EFBC}") = "AskForInput", "AskForInput\AskForInput.csproj", "{D3F00BDA-2EE8-4603-9E6B-1307717F66C8}"
EndProject
Global
	GlobalSection(SolutionConfigurationPlatforms) = preSolution
		Debug|Any CPU = Debug|Any CPU
		Release|Any CPU = Release|Any CPU
	EndGlobalSection
	GlobalSection(SolutionProperties) = preSolution
		HideSolutionNode = FALSE
	EndGlobalSection
	GlobalSection(ProjectConfigurationPlatforms) = postSolution
		{22943B95-6FFD-442C-81D0-B57FE60DBEF8}.Debug|Any CPU.ActiveCfg = Debug|Any CPU
		{22943B95-6FFD-442C-81D0-B57FE60DBEF8}.Debug|Any CPU.Build.0 = Debug|Any CPU
		{22943B95-6FFD-442C-81D0-B57FE60DBEF8}.Release|Any CPU.ActiveCfg = Release|Any CPU
		{22943B95-6FFD-442C-81D0-B57FE60DBEF8}.Release|Any CPU.Build.0 = Release|Any CPU
		{24880BB0-1D08-4B6E-86DF-8EEB1300791A}.Debug|Any CPU.ActiveCfg = Debug|Any CPU
		{24880BB0-1D08-4B6E-86DF-8EEB1300791A}.Debug|Any CPU.Build.0 = Debug|Any CPU
		{24880BB0-1D08-4B6E-86DF-8EEB1300791A}.Release|Any CPU.ActiveCfg = Release|Any CPU
		{24880BB0-1D08-4B6E-86DF-8EEB1300791A}.Release|Any CPU.Build.0 = Release|Any CPU
		{F81D68B6-D5F3-45A1-B10D-8C11B978A868}.Debug|Any CPU.ActiveCfg = Debug|Any CPU
		{F81D68B6-D5F3-45A1-B10D-8C11B978A868}.Debug|Any CPU.Build.0 = Debug|Any CPU
		{F81D68B6-D5F3-45A1-B10D-8C11B978A868}.Release|Any CPU.ActiveCfg = Release|Any CPU
		{F81D68B6-D5F3-45A1-B10D-8C11B978A868}.Release|Any CPU.Build.0 = Release|Any CPU
		{D3F00BDA-2EE8-4603-9E6B-1307717F66C8}.Debug|Any CPU.ActiveCfg = Debug|Any CPU
		{D3F00BDA-2EE8-4603-9E6B-1307717F66C8}.Debug|Any CPU.Build.0 = Debug|Any CPU
		{D3F00BDA-2EE8-4603-9E6B-1307717F66C8}.Release|Any CPU.ActiveCfg = Release|Any CPU
		{D3F00BDA-2EE8-4603-9E6B-1307717F66C8}.Release|Any CPU.Build.0 = Release|Any CPU
	EndGlobalSection
EndGlobal
